{
  "name": "pro_finder-back",
  "lockfileVersion": 3,
  "requires": true,
  "packages": {
    "": {
      "dependencies": {
        "@countrystatecity/countries": "^1.0.5"
      }
    },
    "node_modules/@countrystatecity/countries": {
      "version": "1.0.5",
      "resolved": "https://registry.npmjs.org/@countrystatecity/countries/-/countries-1.0.5.tgz",
      "integrity": "sha512-AsxLm46eYTnP+lLKKk8o2ShJslVX4pAh762Kjux/40sVBEVH152PSgevlBEUxRawNXrccCbA8CQYLAJj5s9Tyw==",
      "license": "ODbL-1.0"
    }
  }
}
